PODS:
  - Flutter (1.0.0)
  - verifybloc_flutter (0.0.1):
    - Flutter
    - VerifyBlocSDK (~> 0.4.1)
  - VerifyBlocSDK (0.4.1)

DEPENDENCIES:
  - Flutter (from `Flutter`)
  - verifybloc_flutter (from `.symlinks/plugins/verifybloc_flutter/ios`)

SPEC REPOS:
  trunk:
    - VerifyBlocSDK

EXTERNAL SOURCES:
  Flutter:
    :path: Flutter
  verifybloc_flutter:
    :path: ".symlinks/plugins/verifybloc_flutter/ios"

SPEC CHECKSUMS:
  Flutter: f04841e97a9d0b0a8025694d0796dd46242b2854
  verifybloc_flutter: 24fe8e3853a7f9caeb4aa236cbc7faf1e44a6556
  VerifyBlocSDK: 5aaa84c30cb234a4cd4c106b87cbf67435cd0dd9

PODFILE CHECKSUM: 4e8f8b2be68aeea4c0d5beb6ff1e79fface1d048

COCOAPODS: 1.12.1
