PODS:
  - Flutter (1.0.0)
  - verifybloc_flutter (0.0.1):
    - Flutter
    - VerifyBlocSDK (~> 0.3.6)
  - VerifyBlocSDK (0.3.6)

DEPENDENCIES:
  - Flutter (from `Flutter`)
  - verifybloc_flutter (from `.symlinks/plugins/verifybloc_flutter/ios`)

SPEC REPOS:
  trunk:
    - VerifyBlocSDK

EXTERNAL SOURCES:
  Flutter:
    :path: Flutter
  verifybloc_flutter:
    :path: ".symlinks/plugins/verifybloc_flutter/ios"

SPEC CHECKSUMS:
  Flutter: f04841e97a9d0b0a8025694d0796dd46242b2854
  verifybloc_flutter: ac2680b7c7e402c7499da6f888534bc0bc8f853a
  VerifyBlocSDK: 126d0126d9d2c9ba61c92a0f0b21b8c116df3f9d

PODFILE CHECKSUM: 4e8f8b2be68aeea4c0d5beb6ff1e79fface1d048

COCOAPODS: 1.12.1
