PODS:
  - Flutter (1.0.0)
  - verifybloc_flutter (0.0.1):
    - Flutter
    - VerifyBlocSDK (~> 0.3.1)
  - VerifyBlocSDK (0.3.1)

DEPENDENCIES:
  - Flutter (from `Flutter`)
  - verifybloc_flutter (from `.symlinks/plugins/verifybloc_flutter/ios`)

SPEC REPOS:
  trunk:
    - VerifyBlocSDK

EXTERNAL SOURCES:
  Flutter:
    :path: Flutter
  verifybloc_flutter:
    :path: ".symlinks/plugins/verifybloc_flutter/ios"

SPEC CHECKSUMS:
  Flutter: f04841e97a9d0b0a8025694d0796dd46242b2854
  verifybloc_flutter: 981b8e4d13064f3b829ef205536d49a9d8633e79
  VerifyBlocSDK: a33d80b316abcbf1905c8bb7bed46ce54c20cb61

PODFILE CHECKSUM: 4e8f8b2be68aeea4c0d5beb6ff1e79fface1d048

COCOAPODS: 1.12.1
